
Microsoft Visual Studio Solution File, Format Version 12.00
# Visual Studio Version 17
VisualStudioVersion = 17.0.31903.59
MinimumVisualStudioVersion = 10.0.40219.1
Project("{FAE04EC0-301F-11D3-BF4B-00C04F79EFBC}") = "Srp", "Srp\Srp.csproj", "{36D9415F-EBE5-40C5-902C-8C80F078A0C1}"
EndProject
Project("{FAE04EC0-301F-11D3-BF4B-00C04F79EFBC}") = "Ocp", "Ocp\Ocp.csproj", "{F2450EEF-1FBD-4E21-A938-F986889E38C6}"
EndProject
Project("{FAE04EC0-301F-11D3-BF4B-00C04F79EFBC}") = "Lsp", "Lsp\Lsp.csproj", "{5F70AB37-E607-4C48-9F7F-614A08BAB0F1}"
EndProject
Global
	GlobalSection(SolutionConfigurationPlatforms) = preSolution
		Debug|Any CPU = Debug|Any CPU
		Release|Any CPU = Release|Any CPU
	EndGlobalSection
	GlobalSection(ProjectConfigurationPlatforms) = postSolution
		{36D9415F-EBE5-40C5-902C-8C80F078A0C1}.Debug|Any CPU.ActiveCfg = Debug|Any CPU
		{36D9415F-EBE5-40C5-902C-8C80F078A0C1}.Debug|Any CPU.Build.0 = Debug|Any CPU
		{36D9415F-EBE5-40C5-902C-8C80F078A0C1}.Release|Any CPU.ActiveCfg = Release|Any CPU
		{36D9415F-EBE5-40C5-902C-8C80F078A0C1}.Release|Any CPU.Build.0 = Release|Any CPU
		{F2450EEF-1FBD-4E21-A938-F986889E38C6}.Debug|Any CPU.ActiveCfg = Debug|Any CPU
		{F2450EEF-1FBD-4E21-A938-F986889E38C6}.Debug|Any CPU.Build.0 = Debug|Any CPU
		{F2450EEF-1FBD-4E21-A938-F986889E38C6}.Release|Any CPU.ActiveCfg = Release|Any CPU
		{F2450EEF-1FBD-4E21-A938-F986889E38C6}.Release|Any CPU.Build.0 = Release|Any CPU
		{5F70AB37-E607-4C48-9F7F-614A08BAB0F1}.Debug|Any CPU.ActiveCfg = Debug|Any CPU
		{5F70AB37-E607-4C48-9F7F-614A08BAB0F1}.Debug|Any CPU.Build.0 = Debug|Any CPU
		{5F70AB37-E607-4C48-9F7F-614A08BAB0F1}.Release|Any CPU.ActiveCfg = Release|Any CPU
		{5F70AB37-E607-4C48-9F7F-614A08BAB0F1}.Release|Any CPU.Build.0 = Release|Any CPU
	EndGlobalSection
	GlobalSection(SolutionProperties) = preSolution
		HideSolutionNode = FALSE
	EndGlobalSection
	GlobalSection(ExtensibilityGlobals) = postSolution
		SolutionGuid = {A1F6333B-9C3B-408B-A37A-E4563FEEA1A6}
	EndGlobalSection
EndGlobal
